
Microsoft Visual Studio Solution File, Format Version 12.00
# Visual Studio 2012
Project("{FAE04EC0-301F-11D3-BF4B-00C04F79EFBC}") = "SpaceTrader", "SpaceTrader\SpaceTrader.csproj", "{58ED5F66-8328-42CE-8D91-45A053FFDF57}"
EndProject
Project("{FAE04EC0-301F-11D3-BF4B-00C04F79EFBC}") = "SpaceTraderTest", "SpaceTraderTest\SpaceTraderTest.csproj", "{42293A13-7ECB-406C-AD69-694842586CBF}"
EndProject
Project("{FAE04EC0-301F-11D3-BF4B-00C04F79EFBC}") = "SpaceTraderApp", "SpaceTraderApp\SpaceTraderApp.csproj", "{5630C699-C065-45CF-84C0-92C95E5B5101}"
EndProject
Project("{2150E333-8FDC-42A3-9474-1A3956D46DE8}") = "Solution Items", "Solution Items", "{1F787DC6-E14F-4B8C-9CC1-51CBCB1E0820}"
EndProject
Global
	GlobalSection(SolutionConfigurationPlatforms) = preSolution
		Debug|Any CPU = Debug|Any CPU
		Release|Any CPU = Release|Any CPU
	EndGlobalSection
	GlobalSection(ProjectConfigurationPlatforms) = postSolution
		{58ED5F66-8328-42CE-8D91-45A053FFDF57}.Debug|Any CPU.ActiveCfg = Debug|Any CPU
		{58ED5F66-8328-42CE-8D91-45A053FFDF57}.Debug|Any CPU.Build.0 = Debug|Any CPU
		{58ED5F66-8328-42CE-8D91-45A053FFDF57}.Release|Any CPU.ActiveCfg = Release|Any CPU
		{58ED5F66-8328-42CE-8D91-45A053FFDF57}.Release|Any CPU.Build.0 = Release|Any CPU
		{42293A13-7ECB-406C-AD69-694842586CBF}.Debug|Any CPU.ActiveCfg = Debug|Any CPU
		{42293A13-7ECB-406C-AD69-694842586CBF}.Debug|Any CPU.Build.0 = Debug|Any CPU
		{42293A13-7ECB-406C-AD69-694842586CBF}.Release|Any CPU.ActiveCfg = Release|Any CPU
		{42293A13-7ECB-406C-AD69-694842586CBF}.Release|Any CPU.Build.0 = Release|Any CPU
		{5630C699-C065-45CF-84C0-92C95E5B5101}.Debug|Any CPU.ActiveCfg = Debug|Any CPU
		{5630C699-C065-45CF-84C0-92C95E5B5101}.Debug|Any CPU.Build.0 = Debug|Any CPU
		{5630C699-C065-45CF-84C0-92C95E5B5101}.Release|Any CPU.ActiveCfg = Release|Any CPU
		{5630C699-C065-45CF-84C0-92C95E5B5101}.Release|Any CPU.Build.0 = Release|Any CPU
	EndGlobalSection
	GlobalSection(SolutionProperties) = preSolution
		HideSolutionNode = FALSE
	EndGlobalSection
EndGlobal
