
Microsoft Visual Studio Solution File, Format Version 12.00
# Visual Studio 2012
Project("{FAE04EC0-301F-11D3-BF4B-00C04F79EFBC}") = "SpaceTraderApp", "..\..\..\..\Desktop\SpaceTraderApp\SpaceTraderApp.csproj", "{5630C699-C065-45CF-84C0-92C95E5B5101}"
EndProject
Global
	GlobalSection(SolutionConfigurationPlatforms) = preSolution
		Debug|Any CPU = Debug|Any CPU
		Release|Any CPU = Release|Any CPU
	EndGlobalSection
	GlobalSection(ProjectConfigurationPlatforms) = postSolution
		{5630C699-C065-45CF-84C0-92C95E5B5101}.Debug|Any CPU.ActiveCfg = Debug|Any CPU
		{5630C699-C065-45CF-84C0-92C95E5B5101}.Debug|Any CPU.Build.0 = Debug|Any CPU
		{5630C699-C065-45CF-84C0-92C95E5B5101}.Release|Any CPU.ActiveCfg = Release|Any CPU
		{5630C699-C065-45CF-84C0-92C95E5B5101}.Release|Any CPU.Build.0 = Release|Any CPU
	EndGlobalSection
	GlobalSection(SolutionProperties) = preSolution
		HideSolutionNode = FALSE
	EndGlobalSection
EndGlobal
